(setq el-get-lock-package-versions
      '((ac-helm :checksum "0cde22dac4726d08c27801c926cf40b1165c8a07")
        (ag :checksum "b4b0e39b7fb706fc3208e238c2a7e517ebdb999c")
        (auto-complete :checksum "ab01ce9fe07fb30f156276dcb2ce795fdc54e241")
        (coffee-mode :checksum "cb1e997c0195a8a51bfa77d6bdec919e68a88904")
        (crontab-mode :checksum "f68206c1d10de68ba0685ce4cb14741c7ca7c648")
        (dash :checksum "e680ad0fdbc18b65fed9a56d3ba0cb04c10d4878")
        (dockerfile-mode :checksum "53434afa3b56eb9284d5e2c21956e43046cae1fa")
        (eimp :checksum "47db83e2b9b7c1f12fdc7e7ae1b862088e081039")
        (el-get :checksum "4797458d7bf26a276bfb4e89e81cb184e6363149")
        (el-get-lock :checksum "046ffb568c6964ea30813338234aea2d60a5c632")
        (elscreen :checksum "0f9ae461204fe8d18907e84b18a88cb016d19de7")
        (enh-ruby-mode :checksum "73d949ab1de16a4d3f368cde94dd5403c0402ab4")
        (epl :checksum "a5ad061d0a5eb42f66c384e55d102da7d52c96b0")
        (etags-table :checksum "bcc2217c56ed14ff2c3d61ce83d5264da5077cef")
        (exec-path-from-shell :checksum "c2ca275d3243e8253513ced73e3ac21dc352e303")
        (flycheck :checksum "ae2dd6eaf8feb229d6ab6284ff1aec17f8bc2d84")
        (fuzzy :checksum "534d723ad2e06322ff8d9bd0ba4863d243f698e7")
        (git-gutter :checksum "b680e11144863f67813cd8139bff7b13df9c6d8c")
        (go-autocomplete :checksum "659c0a429af764118d27692d02b77c544a32cfe3")
        (go-eldoc :checksum "ef18dd32e76cab22f17a704943338ffddf283791")
        (go-mode :checksum "27b74155dc2896a1809c905a7326b1d6d36014f3")
        (helm :checksum "8771d855398dfab47c25baf9c7ba23058e6ba525")
        (helm-ag :checksum "e8af4023bcd49700751c2b6dc3591b5e48016413")
        (helm-ghq :checksum "db37bfe290b234ed3f39dcce24667072172ded41")
        (helm-ls-git :checksum "8cddd84ee4361b9d21f800adbaeeacf72645ab62")
        (helm-projectile :checksum "64880aad1828044db113c9f455c971bc90dea56b")
        (helm-rubygems-local :checksum "289cb33d41c703af9791d6da46b55f070013c2e3")
        (helm-swoop :checksum "002338d9685d82ef10aaf97d2e8084e61dfc94b4")
        (highlight-indentation :checksum "cd6d8168ccb04c6c0394f42e9512c58f23c01689")
        (highlight-symbol :checksum "7a789c779648c55b16e43278e51be5898c121b3a")
        (inf-ruby :checksum "aad537f010a64e8123b610329fd09fedc82abb41")
        (json-mode :checksum "ce275e004dc7265047a80dec68b24eb058b200f0")
        (json-reformat :checksum "24c2bf3c41897b5cf1398dcaedfec88526308bf4")
        (json-snatcher :checksum "c4cecc0a5051bd364373aa499c47a1bb7a5ac51c")
        (markdown-mode :checksum "f7d798307568e16f2a5d59a698afb2bd912da52d")
        (open-junk-file :checksum "a5643846681c672b8f95af85b4d36349879b1aad")
        (pkg-info :checksum "4dbe328c9eced79e0004e3fdcd7bfb997a928be5")
        (plantuml-mode :checksum "574f5e79605a028912bb90c03487c80b1db612e7")
        (popup :checksum "004d58c47f6406b6555cf112f8a6eed6114cb63b")
        (projectile :checksum "932b16d2dd23dc9013bb91daa57ef3717171811b")
        (recentf-ext :checksum "495bfe07e8a759f1e6dfbd45e62ae2f72404ff79")
        (ruby-block :checksum "289c34dca6daa1a1591537e1c56b687c14631930")
        (ruby-end :checksum "79b4ea788b9cae9282da809507d0a56aa9c057c8")
        (s :checksum "a56f0d0fedf9754e1728067ac868100f2499357d")
        (scss-mode :checksum "b010d134f499c4b4ad33fe8a669a81e9a531b0b2")
        (seq :checksum "1349714b20daed2e62a21ebdd5244acc0ccbef0c")
        (slim-mode :checksum "869c84821cf3e556b380c5c35d8ad62287c4df58")
        (web-mode :checksum "e82d71b4bf21da2f00120c4e00dddab9d741f35a")
        (yaml-mode :checksum "c7573962216f79e93642b91e7aa8552f7be46b41")))
(setq el-get-lock-locked-packages 'nil)
(setq el-get-lock-unlocked-packages 'nil)
