(setq el-get-lock-package-versions
      '((ac-helm :checksum "0cde22dac4726d08c27801c926cf40b1165c8a07")
        (ag :checksum "4894b38feffc4c044f8cbaabf3033f49084dba2c")
        (auto-complete :checksum "422e1a24b2e75bac25cf224191e306a645794e10")
        (coffee-mode :checksum "224467585cc83a15b087b9745b57044f3af2bba0")
        (crontab-mode :checksum "f68206c1d10de68ba0685ce4cb14741c7ca7c648")
        (dash :checksum "8a46d3c7c126d3e979f7f9b36867a413694cd8df")
        (dockerfile-mode :checksum "40be396417535c6721c1b13ca9f99c46192f1d73")
        (eimp :checksum "47db83e2b9b7c1f12fdc7e7ae1b862088e081039")
        (el-get :checksum "29d911e77fa240e23d89362df641234afb9dfb6b")
        (el-get-lock :checksum "046ffb568c6964ea30813338234aea2d60a5c632")
        (elscreen :checksum "0f9ae461204fe8d18907e84b18a88cb016d19de7")
        (enh-ruby-mode :checksum "73d949ab1de16a4d3f368cde94dd5403c0402ab4")
        (epl :checksum "a5ad061d0a5eb42f66c384e55d102da7d52c96b0")
        (etags-table :checksum "bcc2217c56ed14ff2c3d61ce83d5264da5077cef")
        (exec-path-from-shell :checksum "673f1fc0606ca9a30eb62cb1ac2094d15ab9377e")
        (flycheck :checksum "bb4354b8ebd45457e3716a82f461cf348aa3d9f0")
        (fuzzy :checksum "534d723ad2e06322ff8d9bd0ba4863d243f698e7")
        (git-gutter :checksum "cb2b341162447bc04b6f561dbb2e5add9a24c134")
        (go-autocomplete :checksum "2b99fc4d372b017483b7596c4577bf5f15479772")
        (go-eldoc :checksum "684f1414913c85695eb8ca4a2643cea04ee60527")
        (go-mode :checksum "dccb56c1b1b85c3d7b3184a6606024077d4e1775")
        (helm :checksum "3099dd20e19eefae3ca98916a35733c42d15ffab")
        (helm-ag :checksum "6788b5f274ff43c81df5af948136c409d6dcf179")
        (helm-ghq :checksum "2997646b2fb5421ab435b772dd2dbaeb92d70166")
        (helm-ls-git :checksum "8cddd84ee4361b9d21f800adbaeeacf72645ab62")
        (helm-rubygems-local :checksum "289cb33d41c703af9791d6da46b55f070013c2e3")
        (helm-swoop :checksum "d953ad605c989c40da5bc0fcb2953104ea7210e6")
        (highlight-indentation :checksum "cd6d8168ccb04c6c0394f42e9512c58f23c01689")
        (highlight-symbol :checksum "c2e15fee52aebf5c8e618460b8f924331d0df2a3")
        (inf-ruby :checksum "24c08fca2a18b76a3a200c79bdb5e41b50e04296")
        (json-mode :checksum "ce275e004dc7265047a80dec68b24eb058b200f0")
        (json-reformat :checksum "b9bd375ec1deb10d2ba09c409bdcf99c56d7a716")
        (json-snatcher :checksum "c4cecc0a5051bd364373aa499c47a1bb7a5ac51c")
        (markdown-mode :checksum "5a83366cc8e33f4a50f6283fb2cd0c3519d8577a")
        (open-junk-file :checksum "a5643846681c672b8f95af85b4d36349879b1aad")
        (pkg-info :checksum "4dbe328c9eced79e0004e3fdcd7bfb997a928be5")
        (plantuml-mode :checksum "574f5e79605a028912bb90c03487c80b1db612e7")
        (popup :checksum "004d58c47f6406b6555cf112f8a6eed6114cb63b")
        (projectile :checksum "89bc880d5b2121100f90281791c0fa12e9d5f596")
        (recentf-ext :checksum "495bfe07e8a759f1e6dfbd45e62ae2f72404ff79")
        (ruby-block :checksum "289c34dca6daa1a1591537e1c56b687c14631930")
        (ruby-end :checksum "79b4ea788b9cae9282da809507d0a56aa9c057c8")
        (s :checksum "372e94c1a28031686d75d6c52bfbe833a118a72a")
        (scss-mode :checksum "b010d134f499c4b4ad33fe8a669a81e9a531b0b2")
        (seq :checksum "1349714b20daed2e62a21ebdd5244acc0ccbef0c")
        (slim-mode :checksum "869c84821cf3e556b380c5c35d8ad62287c4df58")
        (web-mode :checksum "71aebc9f003dccce021be917deb58e9c0dd5c704")
        (yaml-mode :checksum "6ddd55205224c2f2c306699e021cedbaeecfaaf2")))
(setq el-get-lock-locked-packages 'nil)
(setq el-get-lock-unlocked-packages 'nil)
