(setq el-get-lock-package-versions
      '((ac-helm :checksum "baf2b1e04bcffa835084389c0fab415f26efbf32")
        (auto-complete :checksum "2e83566ddfa758c69afe50b8a1c62a66f47471e3")
        (backup-each-save :checksum "9a3b44773175ab18ca6d0cc8a8e64a3b0c12728e")
        (coffee-mode :checksum "d7d554cbf435aa875fbf56e67c4374375a164a93")
        (crontab-mode :checksum "f68206c1d10de68ba0685ce4cb14741c7ca7c648")
        (dash :checksum "958e3fb62fd326d3743c0603b80d24ab85712c03")
        (dockerfile-mode :checksum "bebfa1b73e7e006d574a0e4fbae225dc1db214ff")
        (dumb-jump :checksum "0c7fed68916de6bcbbfbc6c9f787d610a3316b1e")
        (eimp :checksum "47db83e2b9b7c1f12fdc7e7ae1b862088e081039")
        (el-get :checksum "f98bbc72303e17fe6833ece472c5f110ccd97911")
        (el-get-lock :checksum "df8cfe55441695865a64b97946750b6413a40425")
        (elscreen :checksum "0f9ae461204fe8d18907e84b18a88cb016d19de7")
        (emacs-dashboard :checksum "89875ba44ef9f69dd561591ea8ec6d39a0b4aa6d")
        (enh-ruby-mode :checksum "5493f9fde48557d6aaaf38dd63adfdd8538496ff")
        (epl :checksum "a5ad061d0a5eb42f66c384e55d102da7d52c96b0")
        (eschulte-jump :checksum "9519c675e8a650f6afade7d870e925d0fb50f112")
        (etags-table :checksum "bcc2217c56ed14ff2c3d61ce83d5264da5077cef")
        (exec-path-from-shell :checksum "0f53502d463eeeaefe48dfeb0c2fbaac1e6302e3")
        (f :checksum "4ef57d1539a964a0d02b23becbe9b5e49b805d66")
        (findr :checksum "0103db836bb340b7b040ce8642df89048da63a40")
        (flycheck :checksum "f7387da5acdcd543354fe6fced1654bb5f50686f")
        (flycheck-gometalinter :checksum "b6fa2468401d9035b2aeb1dc9bdb12a518e0d13b")
        (flycheck-tip :checksum "53e812ae6d517e8d35907eed8ddcee95c2922e91")
        (fuzzy :checksum "534d723ad2e06322ff8d9bd0ba4863d243f698e7")
        (git-gutter :checksum "00c05264af046b5ce248e5b0bc42f117d9c27a09")
        (git-modes :checksum "0be857ef001adb9b58770bd4e70d3103d2557277")
        (go-autocomplete :checksum "5070dacabf2a80deeaf4ddb0be3761d06fce7be5")
        (go-eldoc :checksum "ecf71a75ccfac7f9bc6fac64ef536f2ffb56b3bf")
        (go-mode :checksum "d9647672717bb5d507de42975a337c738a0461a3")
        (helm :checksum "166f7b1aac899a07e87c63229c2084916bcaeeca")
        (helm-ag :checksum "c925ab0d3e50c100c7a1ffa54c724f39df1ae526")
        (helm-bundle-show :checksum "b34523aa8a7f82ed9a1bf3643c35b65866a7877a")
        (helm-c-yasnippet :checksum "65ca732b510bfc31636708aebcfe4d2d845b59b0")
        (helm-ghq :checksum "21ccdb537a3be3d9351e01c6365df8e804e8bc56")
        (helm-ls-git :checksum "98ce7dc709cf1468a50de18e96c028baa7f4357d")
        (helm-projectile :checksum "e16da3ec6d6c495ee8355e3c3729294bdee0a57b")
        (helm-swoop :checksum "6d3fdcfb6dea06242efc8ff4cafff9917e558bfc")
        (highlight-indentation :checksum "731fe2058b68b2eee8c6bc99d914d30f3de233c5")
        (highlight-symbol :checksum "7a789c779648c55b16e43278e51be5898c121b3a")
        (inf-ruby :checksum "bf380c13e50c18b6bac6651b22b6fc6ba349062f")
        (json-mode :checksum "e8ba0c03c5c10f61b8f0b3f5d531ef1d80dec9b0")
        (json-reformat :checksum "8eb6668ed447988aea06467ba8f42e1f2178246f")
        (json-snatcher :checksum "c4cecc0a5051bd364373aa499c47a1bb7a5ac51c")
        (jump :checksum "a0d423adfec32f9c3fa4c39429f6f038e997236e")
        (markdown-mode :checksum "df4ac404ce92abdf1a0b78da8ef1675f1cd1f196")
        (moe-theme :checksum "70e71ef7404cc5c38254771695eee221090d5110")
        (open-junk-file :checksum "f87b93ec26e92dc747da43499d0cbf5ab70fd8c2")
        (page-break-lines :checksum "c133848345ceef91e257aab8804c61f31c31b264")
        (pkg-info :checksum "76ba7415480687d05a4353b27fea2ae02b8d9d61")
        (plantuml-mode :checksum "1cf387adc979157358b5a8e617a627504d5e1d78")
        (popup :checksum "80829dd46381754639fb764da11c67235fe63282")
        (projectile :checksum "cdf9c228ccdcb57b73184f10ea3f1e2e4e03d320")
        (recentf-ext :checksum "95f81dfac24d3f67002024f0a24e6b997bf6d647")
        (ruby-block :checksum "289c34dca6daa1a1591537e1c56b687c14631930")
        (ruby-end :checksum "79b4ea788b9cae9282da809507d0a56aa9c057c8")
        (s :checksum "fc395c8d5e6c14d5e0920ab80d4d5df007eed14a")
        (save-framegeometry :checksum "2c249b6b60fd50588bbaaf69d83a8f7d1163d131")
        (scss-mode :checksum "b010d134f499c4b4ad33fe8a669a81e9a531b0b2")
        (slim-mode :checksum "869c84821cf3e556b380c5c35d8ad62287c4df58")
        (swift-mode :checksum "75cbae223fbf84d19e14a7f7734ded4f46078654")
        (visual-regexp :checksum "4ab9426a831cf0620f49ba227fd10b9c71672274")
        (visual-regexp-steroids :checksum "6fe4e504ae7a532d67aead6089d68bb2406e4c25")
        (web-mode :checksum "2d05692634766cfa647d9441aaf7f8d95d2d5206")
        (which-key :checksum "49ab7afd93ef36e5f0261eff7151360edeeea4e6")
        (yaml-mode :checksum "f378589912af8731428198ef57546c616d941df0")
        (yasnippet :checksum "9abf842e356e7b42fa105fe6284fb5ebe58a7ed1")))
(setq el-get-lock-locked-packages 'nil)
(setq el-get-lock-unlocked-packages 'nil)
